// !$*UTF8*$!
{
	archiveVersion = 1;
	classes = {
	};
	objectVersion = 46;
	objects = {

/* Begin PBXBuildFile section */
		02C6C82A15B685C400FBA333 /* UIKit.framework in Frameworks */ = {isa = PBXBuildFile; fileRef = 02C6C82915B685C400FBA333 /* UIKit.framework */; };
		02C6C82C15B685C400FBA333 /* Foundation.framework in Frameworks */ = {isa = PBXBuildFile; fileRef = 02C6C82B15B685C400FBA333 /* Foundation.framework */; };
		02C6C82E15B685C400FBA333 /* CoreGraphics.framework in Frameworks */ = {isa = PBXBuildFile; fileRef = 02C6C82D15B685C400FBA333 /* CoreGraphics.framework */; };
		02C6C83415B685C400FBA333 /* InfoPlist.strings in Resources */ = {isa = PBXBuildFile; fileRef = 02C6C83215B685C400FBA333 /* InfoPlist.strings */; };
		02C6C83615B685C400FBA333 /* main.m in Sources */ = {isa = PBXBuildFile; fileRef = 02C6C83515B685C400FBA333 /* main.m */; };
		02C6C83A15B685C400FBA333 /* RMIAppDelegate.m in Sources */ = {isa = PBXBuildFile; fileRef = 02C6C83915B685C400FBA333 /* RMIAppDelegate.m */; };
		02C6C84115B685CB00FBA333 /* icon@2x.png in Resources */ = {isa = PBXBuildFile; fileRef = 02C6C84015B685CB00FBA333 /* icon@2x.png */; };
		02C6C84315B685CF00FBA333 /* icon.png in Resources */ = {isa = PBXBuildFile; fileRef = 02C6C84215B685CF00FBA333 /* icon.png */; };
		02C6C84615B68D1E00FBA333 /* RMISwitchViewController.m in Sources */ = {isa = PBXBuildFile; fileRef = 02C6C84515B68D1E00FBA333 /* RMISwitchViewController.m */; };
		02C6C84915B68D5D00FBA333 /* RMIBlueViewController.m in Sources */ = {isa = PBXBuildFile; fileRef = 02C6C84815B68D5D00FBA333 /* RMIBlueViewController.m */; };
		02C6C84C15B68D7B00FBA333 /* RMIYellowViewController.m in Sources */ = {isa = PBXBuildFile; fileRef = 02C6C84B15B68D7B00FBA333 /* RMIYellowViewController.m */; };
		02C6C84E15B68E6300FBA333 /* SwitchView.xib in Resources */ = {isa = PBXBuildFile; fileRef = 02C6C84D15B68E6300FBA333 /* SwitchView.xib */; };
		02C6C85015B68E9100FBA333 /* BlueView.xib in Resources */ = {isa = PBXBuildFile; fileRef = 02C6C84F15B68E9100FBA333 /* BlueView.xib */; };
		02C6C85215B68EA400FBA333 /* YellowView.xib in Resources */ = {isa = PBXBuildFile; fileRef = 02C6C85115B68EA400FBA333 /* YellowView.xib */; };
/* End PBXBuildFile section */

/* Begin PBXFileReference section */
		02C6C82515B685C400FBA333 /* 06 View Switcher.app */ = {isa = PBXFileReference; explicitFileType = wrapper.application; includeInIndex = 0; path = "06 View Switcher.app"; sourceTree = BUILT_PRODUCTS_DIR; };
		02C6C82915B685C400FBA333 /* UIKit.framework */ = {isa = PBXFileReference; lastKnownFileType = wrapper.framework; name = UIKit.framework; path = System/Library/Frameworks/UIKit.framework; sourceTree = SDKROOT; };
		02C6C82B15B685C400FBA333 /* Foundation.framework */ = {isa = PBXFileReference; lastKnownFileType = wrapper.framework; name = Foundation.framework; path = System/Library/Frameworks/Foundation.framework; sourceTree = SDKROOT; };
		02C6C82D15B685C400FBA333 /* CoreGraphics.framework */ = {isa = PBXFileReference; lastKnownFileType = wrapper.framework; name = CoreGraphics.framework; path = System/Library/Frameworks/CoreGraphics.framework; sourceTree = SDKROOT; };
		02C6C83115B685C400FBA333 /* 06 View Switcher-Info.plist */ = {isa = PBXFileReference; lastKnownFileType = text.plist.xml; path = "06 View Switcher-Info.plist"; sourceTree = "<group>"; };
		02C6C83315B685C400FBA333 /* en */ = {isa = PBXFileReference; lastKnownFileType = text.plist.strings; name = en; path = en.lproj/InfoPlist.strings; sourceTree = "<group>"; };
		02C6C83515B685C400FBA333 /* main.m */ = {isa = PBXFileReference; lastKnownFileType = sourcecode.c.objc; path = main.m; sourceTree = "<group>"; };
		02C6C83715B685C400FBA333 /* 06 View Switcher-Prefix.pch */ = {isa = PBXFileReference; lastKnownFileType = sourcecode.c.h; path = "06 View Switcher-Prefix.pch"; sourceTree = "<group>"; };
		02C6C83815B685C400FBA333 /* RMIAppDelegate.h */ = {isa = PBXFileReference; lastKnownFileType = sourcecode.c.h; path = RMIAppDelegate.h; sourceTree = "<group>"; };
		02C6C83915B685C400FBA333 /* RMIAppDelegate.m */ = {isa = PBXFileReference; lastKnownFileType = sourcecode.c.objc; path = RMIAppDelegate.m; sourceTree = "<group>"; };
		02C6C84015B685CB00FBA333 /* icon@2x.png */ = {isa = PBXFileReference; lastKnownFileType = image.png; path = "icon@2x.png"; sourceTree = "<group>"; };
		02C6C84215B685CF00FBA333 /* icon.png */ = {isa = PBXFileReference; lastKnownFileType = image.png; path = icon.png; sourceTree = "<group>"; };
		02C6C84415B68D1E00FBA333 /* RMISwitchViewController.h */ = {isa = PBXFileReference; fileEncoding = 4; lastKnownFileType = sourcecode.c.h; path = RMISwitchViewController.h; sourceTree = "<group>"; };
		02C6C84515B68D1E00FBA333 /* RMISwitchViewController.m */ = {isa = PBXFileReference; fileEncoding = 4; lastKnownFileType = sourcecode.c.objc; path = RMISwitchViewController.m; sourceTree = "<group>"; };
		02C6C84715B68D5D00FBA333 /* RMIBlueViewController.h */ = {isa = PBXFileReference; fileEncoding = 4; lastKnownFileType = sourcecode.c.h; path = RMIBlueViewController.h; sourceTree = "<group>"; };
		02C6C84815B68D5D00FBA333 /* RMIBlueViewController.m */ = {isa = PBXFileReference; fileEncoding = 4; lastKnownFileType = sourcecode.c.objc; path = RMIBlueViewController.m; sourceTree = "<group>"; };
		02C6C84A15B68D7B00FBA333 /* RMIYellowViewController.h */ = {isa = PBXFileReference; fileEncoding = 4; lastKnownFileType = sourcecode.c.h; path = RMIYellowViewController.h; sourceTree = "<group>"; };
		02C6C84B15B68D7B00FBA333 /* RMIYellowViewController.m */ = {isa = PBXFileReference; fileEncoding = 4; lastKnownFileType = sourcecode.c.objc; path = RMIYellowViewController.m; sourceTree = "<group>"; };
		02C6C84D15B68E6300FBA333 /* SwitchView.xib */ = {isa = PBXFileReference; fileEncoding = 4; lastKnownFileType = file.xib; path = SwitchView.xib; sourceTree = "<group>"; };
		02C6C84F15B68E9100FBA333 /* BlueView.xib */ = {isa = PBXFileReference; fileEncoding = 4; lastKnownFileType = file.xib; path = BlueView.xib; sourceTree = "<group>"; };
		02C6C85115B68EA400FBA333 /* YellowView.xib */ = {isa = PBXFileReference; fileEncoding = 4; lastKnownFileType = file.xib; path = YellowView.xib; sourceTree = "<group>"; };
/* End PBXFileReference section */

/* Begin PBXFrameworksBuildPhase section */
		02C6C82215B685C400FBA333 /* Frameworks */ = {
			isa = PBXFrameworksBuildPhase;
			buildActionMask = 2147483647;
			files = (
				02C6C82A15B685C400FBA333 /* UIKit.framework in Frameworks */,
				02C6C82C15B685C400FBA333 /* Foundation.framework in Frameworks */,
				02C6C82E15B685C400FBA333 /* CoreGraphics.framework in Frameworks */,
			);
			runOnlyForDeploymentPostprocessing = 0;
		};
/* End PBXFrameworksBuildPhase section */

/* Begin PBXGroup section */
		02C6C81A15B685C400FBA333 = {
			isa = PBXGroup;
			children = (
				02C6C84215B685CF00FBA333 /* icon.png */,
				02C6C84015B685CB00FBA333 /* icon@2x.png */,
				02C6C82F15B685C400FBA333 /* 06 View Switcher */,
				02C6C82815B685C400FBA333 /* Frameworks */,
				02C6C82615B685C400FBA333 /* Products */,
			);
			sourceTree = "<group>";
		};
		02C6C82615B685C400FBA333 /* Products */ = {
			isa = PBXGroup;
			children = (
				02C6C82515B685C400FBA333 /* 06 View Switcher.app */,
			);
			name = Products;
			sourceTree = "<group>";
		};
		02C6C82815B685C400FBA333 /* Frameworks */ = {
			isa = PBXGroup;
			children = (
				02C6C82915B685C400FBA333 /* UIKit.framework */,
				02C6C82B15B685C400FBA333 /* Foundation.framework */,
				02C6C82D15B685C400FBA333 /* CoreGraphics.framework */,
			);
			name = Frameworks;
			sourceTree = "<group>";
		};
		02C6C82F15B685C400FBA333 /* 06 View Switcher */ = {
			isa = PBXGroup;
			children = (
				02C6C83815B685C400FBA333 /* RMIAppDelegate.h */,
				02C6C83915B685C400FBA333 /* RMIAppDelegate.m */,
				02C6C84415B68D1E00FBA333 /* RMISwitchViewController.h */,
				02C6C84515B68D1E00FBA333 /* RMISwitchViewController.m */,
				02C6C84715B68D5D00FBA333 /* RMIBlueViewController.h */,
				02C6C84815B68D5D00FBA333 /* RMIBlueViewController.m */,
				02C6C84A15B68D7B00FBA333 /* RMIYellowViewController.h */,
				02C6C84B15B68D7B00FBA333 /* RMIYellowViewController.m */,
				02C6C84D15B68E6300FBA333 /* SwitchView.xib */,
				02C6C84F15B68E9100FBA333 /* BlueView.xib */,
				02C6C85115B68EA400FBA333 /* YellowView.xib */,
				02C6C83015B685C400FBA333 /* Supporting Files */,
			);
			path = "06 View Switcher";
			sourceTree = "<group>";
		};
		02C6C83015B685C400FBA333 /* Supporting Files */ = {
			isa = PBXGroup;
			children = (
				02C6C83115B685C400FBA333 /* 06 View Switcher-Info.plist */,
				02C6C83215B685C400FBA333 /* InfoPlist.strings */,
				02C6C83515B685C400FBA333 /* main.m */,
				02C6C83715B685C400FBA333 /* 06 View Switcher-Prefix.pch */,
			);
			name = "Supporting Files";
			sourceTree = "<group>";
		};
/* End PBXGroup section */

/* Begin PBXNativeTarget section */
		02C6C82415B685C400FBA333 /* 06 View Switcher */ = {
			isa = PBXNativeTarget;
			buildConfigurationList = 02C6C83D15B685C400FBA333 /* Build configuration list for PBXNativeTarget "06 View Switcher" */;
			buildPhases = (
				02C6C82115B685C400FBA333 /* Sources */,
				02C6C82215B685C400FBA333 /* Frameworks */,
				02C6C82315B685C400FBA333 /* Resources */,
			);
			buildRules = (
			);
			dependencies = (
			);
			name = "06 View Switcher";
			productName = "06 View Switcher";
			productReference = 02C6C82515B685C400FBA333 /* 06 View Switcher.app */;
			productType = "com.apple.product-type.application";
		};
/* End PBXNativeTarget section */

/* Begin PBXProject section */
		02C6C81C15B685C400FBA333 /* Project object */ = {
			isa = PBXProject;
			attributes = {
				LastUpgradeCheck = 0420;
				ORGANIZATIONNAME = rmisteli.ch;
			};
			buildConfigurationList = 02C6C81F15B685C400FBA333 /* Build configuration list for PBXProject "06 View Switcher" */;
			compatibilityVersion = "Xcode 3.2";
			developmentRegion = English;
			hasScannedForEncodings = 0;
			knownRegions = (
				en,
			);
			mainGroup = 02C6C81A15B685C400FBA333;
			productRefGroup = 02C6C82615B685C400FBA333 /* Products */;
			projectDirPath = "";
			projectRoot = "";
			targets = (
				02C6C82415B685C400FBA333 /* 06 View Switcher */,
			);
		};
/* End PBXProject section */

/* Begin PBXResourcesBuildPhase section */
		02C6C82315B685C400FBA333 /* Resources */ = {
			isa = PBXResourcesBuildPhase;
			buildActionMask = 2147483647;
			files = (
				02C6C83415B685C400FBA333 /* InfoPlist.strings in Resources */,
				02C6C84115B685CB00FBA333 /* icon@2x.png in Resources */,
				02C6C84315B685CF00FBA333 /* icon.png in Resources */,
				02C6C84E15B68E6300FBA333 /* SwitchView.xib in Resources */,
				02C6C85015B68E9100FBA333 /* BlueView.xib in Resources */,
				02C6C85215B68EA400FBA333 /* YellowView.xib in Resources */,
			);
			runOnlyForDeploymentPostprocessing = 0;
		};
/* End PBXResourcesBuildPhase section */

/* Begin PBXSourcesBuildPhase section */
		02C6C82115B685C400FBA333 /* Sources */ = {
			isa = PBXSourcesBuildPhase;
			buildActionMask = 2147483647;
			files = (
				02C6C83615B685C400FBA333 /* main.m in Sources */,
				02C6C83A15B685C400FBA333 /* RMIAppDelegate.m in Sources */,
				02C6C84615B68D1E00FBA333 /* RMISwitchViewController.m in Sources */,
				02C6C84915B68D5D00FBA333 /* RMIBlueViewController.m in Sources */,
				02C6C84C15B68D7B00FBA333 /* RMIYellowViewController.m in Sources */,
			);
			runOnlyForDeploymentPostprocessing = 0;
		};
/* End PBXSourcesBuildPhase section */

/* Begin PBXVariantGroup section */
		02C6C83215B685C400FBA333 /* InfoPlist.strings */ = {
			isa = PBXVariantGroup;
			children = (
				02C6C83315B685C400FBA333 /* en */,
			);
			name = InfoPlist.strings;
			sourceTree = "<group>";
		};
/* End PBXVariantGroup section */

/* Begin XCBuildConfiguration section */
		02C6C83B15B685C400FBA333 /* Debug */ = {
			isa = XCBuildConfiguration;
			buildSettings = {
				ALWAYS_SEARCH_USER_PATHS = NO;
				ARCHS = "$(ARCHS_STANDARD_32_BIT)";
				CLANG_ENABLE_OBJC_ARC = YES;
				"CODE_SIGN_IDENTITY[sdk=iphoneos*]" = "iPhone Developer";
				COPY_PHASE_STRIP = NO;
				GCC_C_LANGUAGE_STANDARD = gnu99;
				GCC_DYNAMIC_NO_PIC = NO;
				GCC_OPTIMIZATION_LEVEL = 0;
				GCC_PREPROCESSOR_DEFINITIONS = (
					"DEBUG=1",
					"$(inherited)",
				);
				GCC_SYMBOLS_PRIVATE_EXTERN = NO;
				GCC_VERSION = com.apple.compilers.llvm.clang.1_0;
				GCC_WARN_ABOUT_MISSING_PROTOTYPES = YES;
				GCC_WARN_ABOUT_RETURN_TYPE = YES;
				GCC_WARN_UNUSED_VARIABLE = YES;
				IPHONEOS_DEPLOYMENT_TARGET = 5.0;
				SDKROOT = iphoneos;
			};
			name = Debug;
		};
		02C6C83C15B685C400FBA333 /* Release */ = {
			isa = XCBuildConfiguration;
			buildSettings = {
				ALWAYS_SEARCH_USER_PATHS = NO;
				ARCHS = "$(ARCHS_STANDARD_32_BIT)";
				CLANG_ENABLE_OBJC_ARC = YES;
				"CODE_SIGN_IDENTITY[sdk=iphoneos*]" = "iPhone Developer";
				COPY_PHASE_STRIP = YES;
				GCC_C_LANGUAGE_STANDARD = gnu99;
				GCC_VERSION = com.apple.compilers.llvm.clang.1_0;
				GCC_WARN_ABOUT_MISSING_PROTOTYPES = YES;
				GCC_WARN_ABOUT_RETURN_TYPE = YES;
				GCC_WARN_UNUSED_VARIABLE = YES;
				IPHONEOS_DEPLOYMENT_TARGET = 5.0;
				OTHER_CFLAGS = "-DNS_BLOCK_ASSERTIONS=1";
				SDKROOT = iphoneos;
				VALIDATE_PRODUCT = YES;
			};
			name = Release;
		};
		02C6C83E15B685C400FBA333 /* Debug */ = {
			isa = XCBuildConfiguration;
			buildSettings = {
				GCC_PRECOMPILE_PREFIX_HEADER = YES;
				GCC_PREFIX_HEADER = "06 View Switcher/06 View Switcher-Prefix.pch";
				INFOPLIST_FILE = "06 View Switcher/06 View Switcher-Info.plist";
				PRODUCT_NAME = "$(TARGET_NAME)";
				WRAPPER_EXTENSION = app;
			};
			name = Debug;
		};
		02C6C83F15B685C400FBA333 /* Release */ = {
			isa = XCBuildConfiguration;
			buildSettings = {
				GCC_PRECOMPILE_PREFIX_HEADER = YES;
				GCC_PREFIX_HEADER = "06 View Switcher/06 View Switcher-Prefix.pch";
				INFOPLIST_FILE = "06 View Switcher/06 View Switcher-Info.plist";
				PRODUCT_NAME = "$(TARGET_NAME)";
				WRAPPER_EXTENSION = app;
			};
			name = Release;
		};
/* End XCBuildConfiguration section */

/* Begin XCConfigurationList section */
		02C6C81F15B685C400FBA333 /* Build configuration list for PBXProject "06 View Switcher" */ = {
			isa = XCConfigurationList;
			buildConfigurations = (
				02C6C83B15B685C400FBA333 /* Debug */,
				02C6C83C15B685C400FBA333 /* Release */,
			);
			defaultConfigurationIsVisible = 0;
			defaultConfigurationName = Release;
		};
		02C6C83D15B685C400FBA333 /* Build configuration list for PBXNativeTarget "06 View Switcher" */ = {
			isa = XCConfigurationList;
			buildConfigurations = (
				02C6C83E15B685C400FBA333 /* Debug */,
				02C6C83F15B685C400FBA333 /* Release */,
			);
			defaultConfigurationIsVisible = 0;
		};
/* End XCConfigurationList section */
	};
	rootObject = 02C6C81C15B685C400FBA333 /* Project object */;
}
