// !$*UTF8*$!
{
	archiveVersion = 1;
	classes = {
	};
	objectVersion = 46;
	objects = {

/* Begin PBXBuildFile section */
		0277EE1815B54F3D00012CCB /* UIKit.framework in Frameworks */ = {isa = PBXBuildFile; fileRef = 0277EE1715B54F3D00012CCB /* UIKit.framework */; };
		0277EE1A15B54F3D00012CCB /* Foundation.framework in Frameworks */ = {isa = PBXBuildFile; fileRef = 0277EE1915B54F3D00012CCB /* Foundation.framework */; };
		0277EE1C15B54F3D00012CCB /* CoreGraphics.framework in Frameworks */ = {isa = PBXBuildFile; fileRef = 0277EE1B15B54F3D00012CCB /* CoreGraphics.framework */; };
		0277EE2215B54F3D00012CCB /* InfoPlist.strings in Resources */ = {isa = PBXBuildFile; fileRef = 0277EE2015B54F3D00012CCB /* InfoPlist.strings */; };
		0277EE2415B54F3D00012CCB /* main.m in Sources */ = {isa = PBXBuildFile; fileRef = 0277EE2315B54F3D00012CCB /* main.m */; };
		0277EE2815B54F3D00012CCB /* RMIAppDelegate.m in Sources */ = {isa = PBXBuildFile; fileRef = 0277EE2715B54F3D00012CCB /* RMIAppDelegate.m */; };
		0277EE2B15B54F3D00012CCB /* RMIViewController.m in Sources */ = {isa = PBXBuildFile; fileRef = 0277EE2A15B54F3D00012CCB /* RMIViewController.m */; };
		0277EE2E15B54F3D00012CCB /* RMIViewController.xib in Resources */ = {isa = PBXBuildFile; fileRef = 0277EE2C15B54F3D00012CCB /* RMIViewController.xib */; };
		0277EE3515B54F4900012CCB /* icon@2x.png in Resources */ = {isa = PBXBuildFile; fileRef = 0277EE3415B54F4900012CCB /* icon@2x.png */; };
		0277EE3715B54F4C00012CCB /* icon.png in Resources */ = {isa = PBXBuildFile; fileRef = 0277EE3615B54F4C00012CCB /* icon.png */; };
		0277EE3915B5501600012CCB /* logo.png in Resources */ = {isa = PBXBuildFile; fileRef = 0277EE3815B5501600012CCB /* logo.png */; };
/* End PBXBuildFile section */

/* Begin PBXFileReference section */
		0277EE1315B54F3D00012CCB /* 04 Controller Fun.app */ = {isa = PBXFileReference; explicitFileType = wrapper.application; includeInIndex = 0; path = "04 Controller Fun.app"; sourceTree = BUILT_PRODUCTS_DIR; };
		0277EE1715B54F3D00012CCB /* UIKit.framework */ = {isa = PBXFileReference; lastKnownFileType = wrapper.framework; name = UIKit.framework; path = System/Library/Frameworks/UIKit.framework; sourceTree = SDKROOT; };
		0277EE1915B54F3D00012CCB /* Foundation.framework */ = {isa = PBXFileReference; lastKnownFileType = wrapper.framework; name = Foundation.framework; path = System/Library/Frameworks/Foundation.framework; sourceTree = SDKROOT; };
		0277EE1B15B54F3D00012CCB /* CoreGraphics.framework */ = {isa = PBXFileReference; lastKnownFileType = wrapper.framework; name = CoreGraphics.framework; path = System/Library/Frameworks/CoreGraphics.framework; sourceTree = SDKROOT; };
		0277EE1F15B54F3D00012CCB /* 04 Controller Fun-Info.plist */ = {isa = PBXFileReference; lastKnownFileType = text.plist.xml; path = "04 Controller Fun-Info.plist"; sourceTree = "<group>"; };
		0277EE2115B54F3D00012CCB /* en */ = {isa = PBXFileReference; lastKnownFileType = text.plist.strings; name = en; path = en.lproj/InfoPlist.strings; sourceTree = "<group>"; };
		0277EE2315B54F3D00012CCB /* main.m */ = {isa = PBXFileReference; lastKnownFileType = sourcecode.c.objc; path = main.m; sourceTree = "<group>"; };
		0277EE2515B54F3D00012CCB /* 04 Controller Fun-Prefix.pch */ = {isa = PBXFileReference; lastKnownFileType = sourcecode.c.h; path = "04 Controller Fun-Prefix.pch"; sourceTree = "<group>"; };
		0277EE2615B54F3D00012CCB /* RMIAppDelegate.h */ = {isa = PBXFileReference; lastKnownFileType = sourcecode.c.h; path = RMIAppDelegate.h; sourceTree = "<group>"; };
		0277EE2715B54F3D00012CCB /* RMIAppDelegate.m */ = {isa = PBXFileReference; lastKnownFileType = sourcecode.c.objc; path = RMIAppDelegate.m; sourceTree = "<group>"; };
		0277EE2915B54F3D00012CCB /* RMIViewController.h */ = {isa = PBXFileReference; lastKnownFileType = sourcecode.c.h; path = RMIViewController.h; sourceTree = "<group>"; };
		0277EE2A15B54F3D00012CCB /* RMIViewController.m */ = {isa = PBXFileReference; lastKnownFileType = sourcecode.c.objc; path = RMIViewController.m; sourceTree = "<group>"; };
		0277EE2D15B54F3D00012CCB /* en */ = {isa = PBXFileReference; lastKnownFileType = file.xib; name = en; path = en.lproj/RMIViewController.xib; sourceTree = "<group>"; };
		0277EE3415B54F4900012CCB /* icon@2x.png */ = {isa = PBXFileReference; lastKnownFileType = image.png; path = "icon@2x.png"; sourceTree = "<group>"; };
		0277EE3615B54F4C00012CCB /* icon.png */ = {isa = PBXFileReference; lastKnownFileType = image.png; path = icon.png; sourceTree = "<group>"; };
		0277EE3815B5501600012CCB /* logo.png */ = {isa = PBXFileReference; lastKnownFileType = image.png; path = logo.png; sourceTree = "<group>"; };
/* End PBXFileReference section */

/* Begin PBXFrameworksBuildPhase section */
		0277EE1015B54F3D00012CCB /* Frameworks */ = {
			isa = PBXFrameworksBuildPhase;
			buildActionMask = 2147483647;
			files = (
				0277EE1815B54F3D00012CCB /* UIKit.framework in Frameworks */,
				0277EE1A15B54F3D00012CCB /* Foundation.framework in Frameworks */,
				0277EE1C15B54F3D00012CCB /* CoreGraphics.framework in Frameworks */,
			);
			runOnlyForDeploymentPostprocessing = 0;
		};
/* End PBXFrameworksBuildPhase section */

/* Begin PBXGroup section */
		0277EE0815B54F3C00012CCB = {
			isa = PBXGroup;
			children = (
				0277EE3615B54F4C00012CCB /* icon.png */,
				0277EE3415B54F4900012CCB /* icon@2x.png */,
				0277EE1D15B54F3D00012CCB /* 04 Controller Fun */,
				0277EE1615B54F3D00012CCB /* Frameworks */,
				0277EE1415B54F3D00012CCB /* Products */,
			);
			sourceTree = "<group>";
		};
		0277EE1415B54F3D00012CCB /* Products */ = {
			isa = PBXGroup;
			children = (
				0277EE1315B54F3D00012CCB /* 04 Controller Fun.app */,
			);
			name = Products;
			sourceTree = "<group>";
		};
		0277EE1615B54F3D00012CCB /* Frameworks */ = {
			isa = PBXGroup;
			children = (
				0277EE1715B54F3D00012CCB /* UIKit.framework */,
				0277EE1915B54F3D00012CCB /* Foundation.framework */,
				0277EE1B15B54F3D00012CCB /* CoreGraphics.framework */,
			);
			name = Frameworks;
			sourceTree = "<group>";
		};
		0277EE1D15B54F3D00012CCB /* 04 Controller Fun */ = {
			isa = PBXGroup;
			children = (
				0277EE2615B54F3D00012CCB /* RMIAppDelegate.h */,
				0277EE2715B54F3D00012CCB /* RMIAppDelegate.m */,
				0277EE2915B54F3D00012CCB /* RMIViewController.h */,
				0277EE2A15B54F3D00012CCB /* RMIViewController.m */,
				0277EE2C15B54F3D00012CCB /* RMIViewController.xib */,
				0277EE1E15B54F3D00012CCB /* Supporting Files */,
			);
			path = "04 Controller Fun";
			sourceTree = "<group>";
		};
		0277EE1E15B54F3D00012CCB /* Supporting Files */ = {
			isa = PBXGroup;
			children = (
				0277EE3815B5501600012CCB /* logo.png */,
				0277EE1F15B54F3D00012CCB /* 04 Controller Fun-Info.plist */,
				0277EE2015B54F3D00012CCB /* InfoPlist.strings */,
				0277EE2315B54F3D00012CCB /* main.m */,
				0277EE2515B54F3D00012CCB /* 04 Controller Fun-Prefix.pch */,
			);
			name = "Supporting Files";
			sourceTree = "<group>";
		};
/* End PBXGroup section */

/* Begin PBXNativeTarget section */
		0277EE1215B54F3D00012CCB /* 04 Controller Fun */ = {
			isa = PBXNativeTarget;
			buildConfigurationList = 0277EE3115B54F3D00012CCB /* Build configuration list for PBXNativeTarget "04 Controller Fun" */;
			buildPhases = (
				0277EE0F15B54F3D00012CCB /* Sources */,
				0277EE1015B54F3D00012CCB /* Frameworks */,
				0277EE1115B54F3D00012CCB /* Resources */,
			);
			buildRules = (
			);
			dependencies = (
			);
			name = "04 Controller Fun";
			productName = "04 Controller Fun";
			productReference = 0277EE1315B54F3D00012CCB /* 04 Controller Fun.app */;
			productType = "com.apple.product-type.application";
		};
/* End PBXNativeTarget section */

/* Begin PBXProject section */
		0277EE0A15B54F3C00012CCB /* Project object */ = {
			isa = PBXProject;
			attributes = {
				LastUpgradeCheck = 0420;
				ORGANIZATIONNAME = rmisteli.ch;
			};
			buildConfigurationList = 0277EE0D15B54F3C00012CCB /* Build configuration list for PBXProject "04 Controller Fun" */;
			compatibilityVersion = "Xcode 3.2";
			developmentRegion = English;
			hasScannedForEncodings = 0;
			knownRegions = (
				en,
			);
			mainGroup = 0277EE0815B54F3C00012CCB;
			productRefGroup = 0277EE1415B54F3D00012CCB /* Products */;
			projectDirPath = "";
			projectRoot = "";
			targets = (
				0277EE1215B54F3D00012CCB /* 04 Controller Fun */,
			);
		};
/* End PBXProject section */

/* Begin PBXResourcesBuildPhase section */
		0277EE1115B54F3D00012CCB /* Resources */ = {
			isa = PBXResourcesBuildPhase;
			buildActionMask = 2147483647;
			files = (
				0277EE2215B54F3D00012CCB /* InfoPlist.strings in Resources */,
				0277EE2E15B54F3D00012CCB /* RMIViewController.xib in Resources */,
				0277EE3515B54F4900012CCB /* icon@2x.png in Resources */,
				0277EE3715B54F4C00012CCB /* icon.png in Resources */,
				0277EE3915B5501600012CCB /* logo.png in Resources */,
			);
			runOnlyForDeploymentPostprocessing = 0;
		};
/* End PBXResourcesBuildPhase section */

/* Begin PBXSourcesBuildPhase section */
		0277EE0F15B54F3D00012CCB /* Sources */ = {
			isa = PBXSourcesBuildPhase;
			buildActionMask = 2147483647;
			files = (
				0277EE2415B54F3D00012CCB /* main.m in Sources */,
				0277EE2815B54F3D00012CCB /* RMIAppDelegate.m in Sources */,
				0277EE2B15B54F3D00012CCB /* RMIViewController.m in Sources */,
			);
			runOnlyForDeploymentPostprocessing = 0;
		};
/* End PBXSourcesBuildPhase section */

/* Begin PBXVariantGroup section */
		0277EE2015B54F3D00012CCB /* InfoPlist.strings */ = {
			isa = PBXVariantGroup;
			children = (
				0277EE2115B54F3D00012CCB /* en */,
			);
			name = InfoPlist.strings;
			sourceTree = "<group>";
		};
		0277EE2C15B54F3D00012CCB /* RMIViewController.xib */ = {
			isa = PBXVariantGroup;
			children = (
				0277EE2D15B54F3D00012CCB /* en */,
			);
			name = RMIViewController.xib;
			sourceTree = "<group>";
		};
/* End PBXVariantGroup section */

/* Begin XCBuildConfiguration section */
		0277EE2F15B54F3D00012CCB /* Debug */ = {
			isa = XCBuildConfiguration;
			buildSettings = {
				ALWAYS_SEARCH_USER_PATHS = NO;
				ARCHS = "$(ARCHS_STANDARD_32_BIT)";
				CLANG_ENABLE_OBJC_ARC = YES;
				"CODE_SIGN_IDENTITY[sdk=iphoneos*]" = "iPhone Developer";
				COPY_PHASE_STRIP = NO;
				GCC_C_LANGUAGE_STANDARD = gnu99;
				GCC_DYNAMIC_NO_PIC = NO;
				GCC_OPTIMIZATION_LEVEL = 0;
				GCC_PREPROCESSOR_DEFINITIONS = (
					"DEBUG=1",
					"$(inherited)",
				);
				GCC_SYMBOLS_PRIVATE_EXTERN = NO;
				GCC_VERSION = com.apple.compilers.llvm.clang.1_0;
				GCC_WARN_ABOUT_MISSING_PROTOTYPES = YES;
				GCC_WARN_ABOUT_RETURN_TYPE = YES;
				GCC_WARN_UNUSED_VARIABLE = YES;
				IPHONEOS_DEPLOYMENT_TARGET = 5.0;
				SDKROOT = iphoneos;
			};
			name = Debug;
		};
		0277EE3015B54F3D00012CCB /* Release */ = {
			isa = XCBuildConfiguration;
			buildSettings = {
				ALWAYS_SEARCH_USER_PATHS = NO;
				ARCHS = "$(ARCHS_STANDARD_32_BIT)";
				CLANG_ENABLE_OBJC_ARC = YES;
				"CODE_SIGN_IDENTITY[sdk=iphoneos*]" = "iPhone Developer";
				COPY_PHASE_STRIP = YES;
				GCC_C_LANGUAGE_STANDARD = gnu99;
				GCC_VERSION = com.apple.compilers.llvm.clang.1_0;
				GCC_WARN_ABOUT_MISSING_PROTOTYPES = YES;
				GCC_WARN_ABOUT_RETURN_TYPE = YES;
				GCC_WARN_UNUSED_VARIABLE = YES;
				IPHONEOS_DEPLOYMENT_TARGET = 5.0;
				OTHER_CFLAGS = "-DNS_BLOCK_ASSERTIONS=1";
				SDKROOT = iphoneos;
				VALIDATE_PRODUCT = YES;
			};
			name = Release;
		};
		0277EE3215B54F3D00012CCB /* Debug */ = {
			isa = XCBuildConfiguration;
			buildSettings = {
				GCC_PRECOMPILE_PREFIX_HEADER = YES;
				GCC_PREFIX_HEADER = "04 Controller Fun/04 Controller Fun-Prefix.pch";
				INFOPLIST_FILE = "04 Controller Fun/04 Controller Fun-Info.plist";
				PRODUCT_NAME = "$(TARGET_NAME)";
				WRAPPER_EXTENSION = app;
			};
			name = Debug;
		};
		0277EE3315B54F3D00012CCB /* Release */ = {
			isa = XCBuildConfiguration;
			buildSettings = {
				GCC_PRECOMPILE_PREFIX_HEADER = YES;
				GCC_PREFIX_HEADER = "04 Controller Fun/04 Controller Fun-Prefix.pch";
				INFOPLIST_FILE = "04 Controller Fun/04 Controller Fun-Info.plist";
				PRODUCT_NAME = "$(TARGET_NAME)";
				WRAPPER_EXTENSION = app;
			};
			name = Release;
		};
/* End XCBuildConfiguration section */

/* Begin XCConfigurationList section */
		0277EE0D15B54F3C00012CCB /* Build configuration list for PBXProject "04 Controller Fun" */ = {
			isa = XCConfigurationList;
			buildConfigurations = (
				0277EE2F15B54F3D00012CCB /* Debug */,
				0277EE3015B54F3D00012CCB /* Release */,
			);
			defaultConfigurationIsVisible = 0;
			defaultConfigurationName = Release;
		};
		0277EE3115B54F3D00012CCB /* Build configuration list for PBXNativeTarget "04 Controller Fun" */ = {
			isa = XCConfigurationList;
			buildConfigurations = (
				0277EE3215B54F3D00012CCB /* Debug */,
				0277EE3315B54F3D00012CCB /* Release */,
			);
			defaultConfigurationIsVisible = 0;
		};
/* End XCConfigurationList section */
	};
	rootObject = 0277EE0A15B54F3C00012CCB /* Project object */;
}
