// !$*UTF8*$!
{
	archiveVersion = 1;
	classes = {
	};
	objectVersion = 46;
	objects = {

/* Begin PBXBuildFile section */
		0292023E15B997D1002B3C60 /* UIKit.framework in Frameworks */ = {isa = PBXBuildFile; fileRef = 0292023D15B997D1002B3C60 /* UIKit.framework */; };
		0292024015B997D1002B3C60 /* Foundation.framework in Frameworks */ = {isa = PBXBuildFile; fileRef = 0292023F15B997D1002B3C60 /* Foundation.framework */; };
		0292024215B997D1002B3C60 /* CoreGraphics.framework in Frameworks */ = {isa = PBXBuildFile; fileRef = 0292024115B997D1002B3C60 /* CoreGraphics.framework */; };
		0292024815B997D1002B3C60 /* InfoPlist.strings in Resources */ = {isa = PBXBuildFile; fileRef = 0292024615B997D1002B3C60 /* InfoPlist.strings */; };
		0292024A15B997D1002B3C60 /* main.m in Sources */ = {isa = PBXBuildFile; fileRef = 0292024915B997D1002B3C60 /* main.m */; };
		0292024E15B997D1002B3C60 /* RMIAppDelegate.m in Sources */ = {isa = PBXBuildFile; fileRef = 0292024D15B997D1002B3C60 /* RMIAppDelegate.m */; };
		0292025115B997D1002B3C60 /* RMIViewController.m in Sources */ = {isa = PBXBuildFile; fileRef = 0292025015B997D1002B3C60 /* RMIViewController.m */; };
		0292025415B997D1002B3C60 /* RMIViewController.xib in Resources */ = {isa = PBXBuildFile; fileRef = 0292025215B997D1002B3C60 /* RMIViewController.xib */; };
		0292025B15B997D9002B3C60 /* icon.png in Resources */ = {isa = PBXBuildFile; fileRef = 0292025A15B997D9002B3C60 /* icon.png */; };
		0292025D15B997DC002B3C60 /* icon@2x.png in Resources */ = {isa = PBXBuildFile; fileRef = 0292025C15B997DC002B3C60 /* icon@2x.png */; };
		0292026015B99BBF002B3C60 /* RMINameAndColorCell.m in Sources */ = {isa = PBXBuildFile; fileRef = 0292025F15B99BBF002B3C60 /* RMINameAndColorCell.m */; };
/* End PBXBuildFile section */

/* Begin PBXFileReference section */
		0292023915B997D1002B3C60 /* 08 Cells.app */ = {isa = PBXFileReference; explicitFileType = wrapper.application; includeInIndex = 0; path = "08 Cells.app"; sourceTree = BUILT_PRODUCTS_DIR; };
		0292023D15B997D1002B3C60 /* UIKit.framework */ = {isa = PBXFileReference; lastKnownFileType = wrapper.framework; name = UIKit.framework; path = System/Library/Frameworks/UIKit.framework; sourceTree = SDKROOT; };
		0292023F15B997D1002B3C60 /* Foundation.framework */ = {isa = PBXFileReference; lastKnownFileType = wrapper.framework; name = Foundation.framework; path = System/Library/Frameworks/Foundation.framework; sourceTree = SDKROOT; };
		0292024115B997D1002B3C60 /* CoreGraphics.framework */ = {isa = PBXFileReference; lastKnownFileType = wrapper.framework; name = CoreGraphics.framework; path = System/Library/Frameworks/CoreGraphics.framework; sourceTree = SDKROOT; };
		0292024515B997D1002B3C60 /* 08 Cells-Info.plist */ = {isa = PBXFileReference; lastKnownFileType = text.plist.xml; path = "08 Cells-Info.plist"; sourceTree = "<group>"; };
		0292024715B997D1002B3C60 /* en */ = {isa = PBXFileReference; lastKnownFileType = text.plist.strings; name = en; path = en.lproj/InfoPlist.strings; sourceTree = "<group>"; };
		0292024915B997D1002B3C60 /* main.m */ = {isa = PBXFileReference; lastKnownFileType = sourcecode.c.objc; path = main.m; sourceTree = "<group>"; };
		0292024B15B997D1002B3C60 /* 08 Cells-Prefix.pch */ = {isa = PBXFileReference; lastKnownFileType = sourcecode.c.h; path = "08 Cells-Prefix.pch"; sourceTree = "<group>"; };
		0292024C15B997D1002B3C60 /* RMIAppDelegate.h */ = {isa = PBXFileReference; lastKnownFileType = sourcecode.c.h; path = RMIAppDelegate.h; sourceTree = "<group>"; };
		0292024D15B997D1002B3C60 /* RMIAppDelegate.m */ = {isa = PBXFileReference; lastKnownFileType = sourcecode.c.objc; path = RMIAppDelegate.m; sourceTree = "<group>"; };
		0292024F15B997D1002B3C60 /* RMIViewController.h */ = {isa = PBXFileReference; lastKnownFileType = sourcecode.c.h; path = RMIViewController.h; sourceTree = "<group>"; };
		0292025015B997D1002B3C60 /* RMIViewController.m */ = {isa = PBXFileReference; lastKnownFileType = sourcecode.c.objc; path = RMIViewController.m; sourceTree = "<group>"; };
		0292025315B997D1002B3C60 /* en */ = {isa = PBXFileReference; lastKnownFileType = file.xib; name = en; path = en.lproj/RMIViewController.xib; sourceTree = "<group>"; };
		0292025A15B997D9002B3C60 /* icon.png */ = {isa = PBXFileReference; lastKnownFileType = image.png; path = icon.png; sourceTree = "<group>"; };
		0292025C15B997DC002B3C60 /* icon@2x.png */ = {isa = PBXFileReference; lastKnownFileType = image.png; path = "icon@2x.png"; sourceTree = "<group>"; };
		0292025E15B99BBF002B3C60 /* RMINameAndColorCell.h */ = {isa = PBXFileReference; fileEncoding = 4; lastKnownFileType = sourcecode.c.h; path = RMINameAndColorCell.h; sourceTree = "<group>"; };
		0292025F15B99BBF002B3C60 /* RMINameAndColorCell.m */ = {isa = PBXFileReference; fileEncoding = 4; lastKnownFileType = sourcecode.c.objc; path = RMINameAndColorCell.m; sourceTree = "<group>"; };
/* End PBXFileReference section */

/* Begin PBXFrameworksBuildPhase section */
		0292023615B997D1002B3C60 /* Frameworks */ = {
			isa = PBXFrameworksBuildPhase;
			buildActionMask = 2147483647;
			files = (
				0292023E15B997D1002B3C60 /* UIKit.framework in Frameworks */,
				0292024015B997D1002B3C60 /* Foundation.framework in Frameworks */,
				0292024215B997D1002B3C60 /* CoreGraphics.framework in Frameworks */,
			);
			runOnlyForDeploymentPostprocessing = 0;
		};
/* End PBXFrameworksBuildPhase section */

/* Begin PBXGroup section */
		0292022E15B997D1002B3C60 = {
			isa = PBXGroup;
			children = (
				0292025C15B997DC002B3C60 /* icon@2x.png */,
				0292025A15B997D9002B3C60 /* icon.png */,
				0292024315B997D1002B3C60 /* 08 Cells */,
				0292023C15B997D1002B3C60 /* Frameworks */,
				0292023A15B997D1002B3C60 /* Products */,
			);
			sourceTree = "<group>";
		};
		0292023A15B997D1002B3C60 /* Products */ = {
			isa = PBXGroup;
			children = (
				0292023915B997D1002B3C60 /* 08 Cells.app */,
			);
			name = Products;
			sourceTree = "<group>";
		};
		0292023C15B997D1002B3C60 /* Frameworks */ = {
			isa = PBXGroup;
			children = (
				0292023D15B997D1002B3C60 /* UIKit.framework */,
				0292023F15B997D1002B3C60 /* Foundation.framework */,
				0292024115B997D1002B3C60 /* CoreGraphics.framework */,
			);
			name = Frameworks;
			sourceTree = "<group>";
		};
		0292024315B997D1002B3C60 /* 08 Cells */ = {
			isa = PBXGroup;
			children = (
				0292024C15B997D1002B3C60 /* RMIAppDelegate.h */,
				0292024D15B997D1002B3C60 /* RMIAppDelegate.m */,
				0292024F15B997D1002B3C60 /* RMIViewController.h */,
				0292025015B997D1002B3C60 /* RMIViewController.m */,
				0292025215B997D1002B3C60 /* RMIViewController.xib */,
				0292024415B997D1002B3C60 /* Supporting Files */,
				0292025E15B99BBF002B3C60 /* RMINameAndColorCell.h */,
				0292025F15B99BBF002B3C60 /* RMINameAndColorCell.m */,
			);
			path = "08 Cells";
			sourceTree = "<group>";
		};
		0292024415B997D1002B3C60 /* Supporting Files */ = {
			isa = PBXGroup;
			children = (
				0292024515B997D1002B3C60 /* 08 Cells-Info.plist */,
				0292024615B997D1002B3C60 /* InfoPlist.strings */,
				0292024915B997D1002B3C60 /* main.m */,
				0292024B15B997D1002B3C60 /* 08 Cells-Prefix.pch */,
			);
			name = "Supporting Files";
			sourceTree = "<group>";
		};
/* End PBXGroup section */

/* Begin PBXNativeTarget section */
		0292023815B997D1002B3C60 /* 08 Cells */ = {
			isa = PBXNativeTarget;
			buildConfigurationList = 0292025715B997D1002B3C60 /* Build configuration list for PBXNativeTarget "08 Cells" */;
			buildPhases = (
				0292023515B997D1002B3C60 /* Sources */,
				0292023615B997D1002B3C60 /* Frameworks */,
				0292023715B997D1002B3C60 /* Resources */,
			);
			buildRules = (
			);
			dependencies = (
			);
			name = "08 Cells";
			productName = "08 Cells";
			productReference = 0292023915B997D1002B3C60 /* 08 Cells.app */;
			productType = "com.apple.product-type.application";
		};
/* End PBXNativeTarget section */

/* Begin PBXProject section */
		0292023015B997D1002B3C60 /* Project object */ = {
			isa = PBXProject;
			attributes = {
				LastUpgradeCheck = 0420;
				ORGANIZATIONNAME = rmisteli.ch;
			};
			buildConfigurationList = 0292023315B997D1002B3C60 /* Build configuration list for PBXProject "08 Cells" */;
			compatibilityVersion = "Xcode 3.2";
			developmentRegion = English;
			hasScannedForEncodings = 0;
			knownRegions = (
				en,
			);
			mainGroup = 0292022E15B997D1002B3C60;
			productRefGroup = 0292023A15B997D1002B3C60 /* Products */;
			projectDirPath = "";
			projectRoot = "";
			targets = (
				0292023815B997D1002B3C60 /* 08 Cells */,
			);
		};
/* End PBXProject section */

/* Begin PBXResourcesBuildPhase section */
		0292023715B997D1002B3C60 /* Resources */ = {
			isa = PBXResourcesBuildPhase;
			buildActionMask = 2147483647;
			files = (
				0292024815B997D1002B3C60 /* InfoPlist.strings in Resources */,
				0292025415B997D1002B3C60 /* RMIViewController.xib in Resources */,
				0292025B15B997D9002B3C60 /* icon.png in Resources */,
				0292025D15B997DC002B3C60 /* icon@2x.png in Resources */,
			);
			runOnlyForDeploymentPostprocessing = 0;
		};
/* End PBXResourcesBuildPhase section */

/* Begin PBXSourcesBuildPhase section */
		0292023515B997D1002B3C60 /* Sources */ = {
			isa = PBXSourcesBuildPhase;
			buildActionMask = 2147483647;
			files = (
				0292024A15B997D1002B3C60 /* main.m in Sources */,
				0292024E15B997D1002B3C60 /* RMIAppDelegate.m in Sources */,
				0292025115B997D1002B3C60 /* RMIViewController.m in Sources */,
				0292026015B99BBF002B3C60 /* RMINameAndColorCell.m in Sources */,
			);
			runOnlyForDeploymentPostprocessing = 0;
		};
/* End PBXSourcesBuildPhase section */

/* Begin PBXVariantGroup section */
		0292024615B997D1002B3C60 /* InfoPlist.strings */ = {
			isa = PBXVariantGroup;
			children = (
				0292024715B997D1002B3C60 /* en */,
			);
			name = InfoPlist.strings;
			sourceTree = "<group>";
		};
		0292025215B997D1002B3C60 /* RMIViewController.xib */ = {
			isa = PBXVariantGroup;
			children = (
				0292025315B997D1002B3C60 /* en */,
			);
			name = RMIViewController.xib;
			sourceTree = "<group>";
		};
/* End PBXVariantGroup section */

/* Begin XCBuildConfiguration section */
		0292025515B997D1002B3C60 /* Debug */ = {
			isa = XCBuildConfiguration;
			buildSettings = {
				ALWAYS_SEARCH_USER_PATHS = NO;
				ARCHS = "$(ARCHS_STANDARD_32_BIT)";
				CLANG_ENABLE_OBJC_ARC = YES;
				"CODE_SIGN_IDENTITY[sdk=iphoneos*]" = "iPhone Developer";
				COPY_PHASE_STRIP = NO;
				GCC_C_LANGUAGE_STANDARD = gnu99;
				GCC_DYNAMIC_NO_PIC = NO;
				GCC_OPTIMIZATION_LEVEL = 0;
				GCC_PREPROCESSOR_DEFINITIONS = (
					"DEBUG=1",
					"$(inherited)",
				);
				GCC_SYMBOLS_PRIVATE_EXTERN = NO;
				GCC_VERSION = com.apple.compilers.llvm.clang.1_0;
				GCC_WARN_ABOUT_MISSING_PROTOTYPES = YES;
				GCC_WARN_ABOUT_RETURN_TYPE = YES;
				GCC_WARN_UNUSED_VARIABLE = YES;
				IPHONEOS_DEPLOYMENT_TARGET = 5.0;
				SDKROOT = iphoneos;
			};
			name = Debug;
		};
		0292025615B997D1002B3C60 /* Release */ = {
			isa = XCBuildConfiguration;
			buildSettings = {
				ALWAYS_SEARCH_USER_PATHS = NO;
				ARCHS = "$(ARCHS_STANDARD_32_BIT)";
				CLANG_ENABLE_OBJC_ARC = YES;
				"CODE_SIGN_IDENTITY[sdk=iphoneos*]" = "iPhone Developer";
				COPY_PHASE_STRIP = YES;
				GCC_C_LANGUAGE_STANDARD = gnu99;
				GCC_VERSION = com.apple.compilers.llvm.clang.1_0;
				GCC_WARN_ABOUT_MISSING_PROTOTYPES = YES;
				GCC_WARN_ABOUT_RETURN_TYPE = YES;
				GCC_WARN_UNUSED_VARIABLE = YES;
				IPHONEOS_DEPLOYMENT_TARGET = 5.0;
				OTHER_CFLAGS = "-DNS_BLOCK_ASSERTIONS=1";
				SDKROOT = iphoneos;
				VALIDATE_PRODUCT = YES;
			};
			name = Release;
		};
		0292025815B997D1002B3C60 /* Debug */ = {
			isa = XCBuildConfiguration;
			buildSettings = {
				GCC_PRECOMPILE_PREFIX_HEADER = YES;
				GCC_PREFIX_HEADER = "08 Cells/08 Cells-Prefix.pch";
				INFOPLIST_FILE = "08 Cells/08 Cells-Info.plist";
				PRODUCT_NAME = "$(TARGET_NAME)";
				WRAPPER_EXTENSION = app;
			};
			name = Debug;
		};
		0292025915B997D1002B3C60 /* Release */ = {
			isa = XCBuildConfiguration;
			buildSettings = {
				GCC_PRECOMPILE_PREFIX_HEADER = YES;
				GCC_PREFIX_HEADER = "08 Cells/08 Cells-Prefix.pch";
				INFOPLIST_FILE = "08 Cells/08 Cells-Info.plist";
				PRODUCT_NAME = "$(TARGET_NAME)";
				WRAPPER_EXTENSION = app;
			};
			name = Release;
		};
/* End XCBuildConfiguration section */

/* Begin XCConfigurationList section */
		0292023315B997D1002B3C60 /* Build configuration list for PBXProject "08 Cells" */ = {
			isa = XCConfigurationList;
			buildConfigurations = (
				0292025515B997D1002B3C60 /* Debug */,
				0292025615B997D1002B3C60 /* Release */,
			);
			defaultConfigurationIsVisible = 0;
			defaultConfigurationName = Release;
		};
		0292025715B997D1002B3C60 /* Build configuration list for PBXNativeTarget "08 Cells" */ = {
			isa = XCConfigurationList;
			buildConfigurations = (
				0292025815B997D1002B3C60 /* Debug */,
				0292025915B997D1002B3C60 /* Release */,
			);
			defaultConfigurationIsVisible = 0;
		};
/* End XCConfigurationList section */
	};
	rootObject = 0292023015B997D1002B3C60 /* Project object */;
}
